
Microsoft Visual Studio Solution File, Format Version 12.00
# Visual Studio Version 17
VisualStudioVersion = 17.0.31903.59
MinimumVisualStudioVersion = 10.0.40219.1
Project("{2150E333-8FDC-42A3-9474-1A3956D46DE8}") = "services", "services", "{562FCAF4-773E-4F55-88B9-D86190159DCA}"
EndProject
Project("{2150E333-8FDC-42A3-9474-1A3956D46DE8}") = "catalog", "catalog", "{34D77D43-F9C4-4FAC-81CA-164468F6C025}"
	ProjectSection(SolutionItems) = preProject
		src\services\catalog\Dockerfile = src\services\catalog\Dockerfile
	EndProjectSection
EndProject
Project("{FAE04EC0-301F-11D3-BF4B-00C04F79EFBC}") = "Catalog.Api", "src\services\catalog\Catalog.Api\Catalog.Api.csproj", "{7A2A8928-D954-4194-9C60-51137E967674}"
EndProject
Project("{FAE04EC0-301F-11D3-BF4B-00C04F79EFBC}") = "Catalog.Core", "src\services\catalog\Catalog.Core\Catalog.Core.csproj", "{6D5E7E59-262A-421A-9A06-3DF30CB5F41A}"
EndProject
Project("{FAE04EC0-301F-11D3-BF4B-00C04F79EFBC}") = "Catalog.Application", "src\services\catalog\Catalog.Application\Catalog.Application.csproj", "{E203C21D-6E08-4ECB-9EA9-140C77A3C269}"
EndProject
Project("{FAE04EC0-301F-11D3-BF4B-00C04F79EFBC}") = "Catalog.Infrastructure", "src\services\catalog\Catalog.Infrastructure\Catalog.Infrastructure.csproj", "{714E1863-0D83-4BC9-9D8F-E54E444A914D}"
EndProject
Project("{2150E333-8FDC-42A3-9474-1A3956D46DE8}") = "basket", "basket", "{5FC42FCF-D06A-41AF-B1D1-FB0C4F477348}"
	ProjectSection(SolutionItems) = preProject
		src\services\basket\Dockerfile = src\services\basket\Dockerfile
	EndProjectSection
EndProject
Project("{FAE04EC0-301F-11D3-BF4B-00C04F79EFBC}") = "Basket.Api", "src\services\basket\Basket.Api\Basket.Api.csproj", "{E1313F4B-7B23-4CDC-8020-F9FF7B15138A}"
EndProject
Project("{2150E333-8FDC-42A3-9474-1A3956D46DE8}") = "libs", "libs", "{31B71DE8-9832-4AF4-B40A-CA35A635CDE4}"
EndProject
Project("{FAE04EC0-301F-11D3-BF4B-00C04F79EFBC}") = "Neith.Core", "src\libs\Neith.Core\Neith.Core.csproj", "{44ADAAEB-DC00-451D-8929-EA06AAF811F6}"
EndProject
Project("{FAE04EC0-301F-11D3-BF4B-00C04F79EFBC}") = "Neith.Core.Infras", "src\libs\Neith.Core.Infras\Neith.Core.Infras.csproj", "{DBA85DB8-F616-4193-BC1E-14603D189751}"
EndProject
Project("{2150E333-8FDC-42A3-9474-1A3956D46DE8}") = "discount", "discount", "{865C715B-F607-49BF-92AA-CA606115B912}"
	ProjectSection(SolutionItems) = preProject
		src\services\discount\Dockerfile = src\services\discount\Dockerfile
		src\services\discount\Dockerfile = src\services\discount\Dockerfile
	EndProjectSection
EndProject
Project("{FAE04EC0-301F-11D3-BF4B-00C04F79EFBC}") = "Discount.Api", "src\services\discount\Discount.Api\Discount.Api.csproj", "{014713D8-22BC-4B5A-A1E1-9631C1EFBD7C}"
EndProject
Project("{FAE04EC0-301F-11D3-BF4B-00C04F79EFBC}") = "Discount.Application", "src\services\discount\Discount.Application\Discount.Application.csproj", "{E00E66B7-E0E7-4E8B-8E67-C4AEBDE28710}"
EndProject
Project("{FAE04EC0-301F-11D3-BF4B-00C04F79EFBC}") = "Discount.Core", "src\services\discount\Discount.Core\Discount.Core.csproj", "{60E1CA78-927A-44E8-B7CE-4F7A3D3E4603}"
EndProject
Project("{FAE04EC0-301F-11D3-BF4B-00C04F79EFBC}") = "Discount.Infrastructure", "src\services\discount\Discount.Infrastructure\Discount.Infrastructure.csproj", "{7223D488-60AD-472E-97EC-C9298E07C4EE}"
EndProject
Project("{2150E333-8FDC-42A3-9474-1A3956D46DE8}") = "presentation", "presentation", "{D8220286-11C3-495F-8C4A-A43F2029436B}"
EndProject
Project("{2150E333-8FDC-42A3-9474-1A3956D46DE8}") = "console", "console", "{C6345B00-DF78-4715-A67C-CEA7081E8C1C}"
EndProject
Project("{FAE04EC0-301F-11D3-BF4B-00C04F79EFBC}") = "console", "src\presentation\console\console.csproj", "{758A7FDD-C198-4F7E-BE13-90D829F9DF10}"
EndProject
Project("{2150E333-8FDC-42A3-9474-1A3956D46DE8}") = "order", "order", "{49F4DAD0-FDD2-4B1D-A308-F104C18124C8}"
EndProject
Project("{FAE04EC0-301F-11D3-BF4B-00C04F79EFBC}") = "Order.Api", "src\services\order\Order.Api\Order.Api.csproj", "{4F279F6F-27BC-4F43-81B8-6984AFC28420}"
EndProject
Project("{FAE04EC0-301F-11D3-BF4B-00C04F79EFBC}") = "Order.Application", "src\services\order\Order.Application\Order.Application.csproj", "{044D9C32-EBDE-4391-9D99-A09F34803064}"
EndProject
Project("{FAE04EC0-301F-11D3-BF4B-00C04F79EFBC}") = "Order.Infrastructure", "src\services\order\Order.Infrastructure\Order.Infrastructure.csproj", "{4190C781-89E2-4FEB-91E2-A1287A24E6D8}"
EndProject
Project("{FAE04EC0-301F-11D3-BF4B-00C04F79EFBC}") = "Order.Core", "src\services\order\Order.Core\Order.Core.csproj", "{32BBC3D9-3D54-4497-849E-AC85F8C9B9F2}"
EndProject
Global
	GlobalSection(SolutionConfigurationPlatforms) = preSolution
		Debug|Any CPU = Debug|Any CPU
		Release|Any CPU = Release|Any CPU
	EndGlobalSection
	GlobalSection(SolutionProperties) = preSolution
		HideSolutionNode = FALSE
	EndGlobalSection
	GlobalSection(ProjectConfigurationPlatforms) = postSolution
		{7A2A8928-D954-4194-9C60-51137E967674}.Debug|Any CPU.ActiveCfg = Debug|Any CPU
		{7A2A8928-D954-4194-9C60-51137E967674}.Debug|Any CPU.Build.0 = Debug|Any CPU
		{7A2A8928-D954-4194-9C60-51137E967674}.Release|Any CPU.ActiveCfg = Release|Any CPU
		{7A2A8928-D954-4194-9C60-51137E967674}.Release|Any CPU.Build.0 = Release|Any CPU
		{6D5E7E59-262A-421A-9A06-3DF30CB5F41A}.Debug|Any CPU.ActiveCfg = Debug|Any CPU
		{6D5E7E59-262A-421A-9A06-3DF30CB5F41A}.Debug|Any CPU.Build.0 = Debug|Any CPU
		{6D5E7E59-262A-421A-9A06-3DF30CB5F41A}.Release|Any CPU.ActiveCfg = Release|Any CPU
		{6D5E7E59-262A-421A-9A06-3DF30CB5F41A}.Release|Any CPU.Build.0 = Release|Any CPU
		{E203C21D-6E08-4ECB-9EA9-140C77A3C269}.Debug|Any CPU.ActiveCfg = Debug|Any CPU
		{E203C21D-6E08-4ECB-9EA9-140C77A3C269}.Debug|Any CPU.Build.0 = Debug|Any CPU
		{E203C21D-6E08-4ECB-9EA9-140C77A3C269}.Release|Any CPU.ActiveCfg = Release|Any CPU
		{E203C21D-6E08-4ECB-9EA9-140C77A3C269}.Release|Any CPU.Build.0 = Release|Any CPU
		{714E1863-0D83-4BC9-9D8F-E54E444A914D}.Debug|Any CPU.ActiveCfg = Debug|Any CPU
		{714E1863-0D83-4BC9-9D8F-E54E444A914D}.Debug|Any CPU.Build.0 = Debug|Any CPU
		{714E1863-0D83-4BC9-9D8F-E54E444A914D}.Release|Any CPU.ActiveCfg = Release|Any CPU
		{714E1863-0D83-4BC9-9D8F-E54E444A914D}.Release|Any CPU.Build.0 = Release|Any CPU
		{E1313F4B-7B23-4CDC-8020-F9FF7B15138A}.Debug|Any CPU.ActiveCfg = Debug|Any CPU
		{E1313F4B-7B23-4CDC-8020-F9FF7B15138A}.Debug|Any CPU.Build.0 = Debug|Any CPU
		{E1313F4B-7B23-4CDC-8020-F9FF7B15138A}.Release|Any CPU.ActiveCfg = Release|Any CPU
		{E1313F4B-7B23-4CDC-8020-F9FF7B15138A}.Release|Any CPU.Build.0 = Release|Any CPU
		{44ADAAEB-DC00-451D-8929-EA06AAF811F6}.Debug|Any CPU.ActiveCfg = Debug|Any CPU
		{44ADAAEB-DC00-451D-8929-EA06AAF811F6}.Debug|Any CPU.Build.0 = Debug|Any CPU
		{44ADAAEB-DC00-451D-8929-EA06AAF811F6}.Release|Any CPU.ActiveCfg = Release|Any CPU
		{44ADAAEB-DC00-451D-8929-EA06AAF811F6}.Release|Any CPU.Build.0 = Release|Any CPU
		{DBA85DB8-F616-4193-BC1E-14603D189751}.Debug|Any CPU.ActiveCfg = Debug|Any CPU
		{DBA85DB8-F616-4193-BC1E-14603D189751}.Debug|Any CPU.Build.0 = Debug|Any CPU
		{DBA85DB8-F616-4193-BC1E-14603D189751}.Release|Any CPU.ActiveCfg = Release|Any CPU
		{DBA85DB8-F616-4193-BC1E-14603D189751}.Release|Any CPU.Build.0 = Release|Any CPU
		{014713D8-22BC-4B5A-A1E1-9631C1EFBD7C}.Debug|Any CPU.ActiveCfg = Debug|Any CPU
		{014713D8-22BC-4B5A-A1E1-9631C1EFBD7C}.Debug|Any CPU.Build.0 = Debug|Any CPU
		{014713D8-22BC-4B5A-A1E1-9631C1EFBD7C}.Release|Any CPU.ActiveCfg = Release|Any CPU
		{014713D8-22BC-4B5A-A1E1-9631C1EFBD7C}.Release|Any CPU.Build.0 = Release|Any CPU
		{E00E66B7-E0E7-4E8B-8E67-C4AEBDE28710}.Debug|Any CPU.ActiveCfg = Debug|Any CPU
		{E00E66B7-E0E7-4E8B-8E67-C4AEBDE28710}.Debug|Any CPU.Build.0 = Debug|Any CPU
		{E00E66B7-E0E7-4E8B-8E67-C4AEBDE28710}.Release|Any CPU.ActiveCfg = Release|Any CPU
		{E00E66B7-E0E7-4E8B-8E67-C4AEBDE28710}.Release|Any CPU.Build.0 = Release|Any CPU
		{60E1CA78-927A-44E8-B7CE-4F7A3D3E4603}.Debug|Any CPU.ActiveCfg = Debug|Any CPU
		{60E1CA78-927A-44E8-B7CE-4F7A3D3E4603}.Debug|Any CPU.Build.0 = Debug|Any CPU
		{60E1CA78-927A-44E8-B7CE-4F7A3D3E4603}.Release|Any CPU.ActiveCfg = Release|Any CPU
		{60E1CA78-927A-44E8-B7CE-4F7A3D3E4603}.Release|Any CPU.Build.0 = Release|Any CPU
		{7223D488-60AD-472E-97EC-C9298E07C4EE}.Debug|Any CPU.ActiveCfg = Debug|Any CPU
		{7223D488-60AD-472E-97EC-C9298E07C4EE}.Debug|Any CPU.Build.0 = Debug|Any CPU
		{7223D488-60AD-472E-97EC-C9298E07C4EE}.Release|Any CPU.ActiveCfg = Release|Any CPU
		{7223D488-60AD-472E-97EC-C9298E07C4EE}.Release|Any CPU.Build.0 = Release|Any CPU
		{758A7FDD-C198-4F7E-BE13-90D829F9DF10}.Debug|Any CPU.ActiveCfg = Debug|Any CPU
		{758A7FDD-C198-4F7E-BE13-90D829F9DF10}.Debug|Any CPU.Build.0 = Debug|Any CPU
		{758A7FDD-C198-4F7E-BE13-90D829F9DF10}.Release|Any CPU.ActiveCfg = Release|Any CPU
		{758A7FDD-C198-4F7E-BE13-90D829F9DF10}.Release|Any CPU.Build.0 = Release|Any CPU
		{4F279F6F-27BC-4F43-81B8-6984AFC28420}.Debug|Any CPU.ActiveCfg = Debug|Any CPU
		{4F279F6F-27BC-4F43-81B8-6984AFC28420}.Debug|Any CPU.Build.0 = Debug|Any CPU
		{4F279F6F-27BC-4F43-81B8-6984AFC28420}.Release|Any CPU.ActiveCfg = Release|Any CPU
		{4F279F6F-27BC-4F43-81B8-6984AFC28420}.Release|Any CPU.Build.0 = Release|Any CPU
		{044D9C32-EBDE-4391-9D99-A09F34803064}.Debug|Any CPU.ActiveCfg = Debug|Any CPU
		{044D9C32-EBDE-4391-9D99-A09F34803064}.Debug|Any CPU.Build.0 = Debug|Any CPU
		{044D9C32-EBDE-4391-9D99-A09F34803064}.Release|Any CPU.ActiveCfg = Release|Any CPU
		{044D9C32-EBDE-4391-9D99-A09F34803064}.Release|Any CPU.Build.0 = Release|Any CPU
		{4190C781-89E2-4FEB-91E2-A1287A24E6D8}.Debug|Any CPU.ActiveCfg = Debug|Any CPU
		{4190C781-89E2-4FEB-91E2-A1287A24E6D8}.Debug|Any CPU.Build.0 = Debug|Any CPU
		{4190C781-89E2-4FEB-91E2-A1287A24E6D8}.Release|Any CPU.ActiveCfg = Release|Any CPU
		{4190C781-89E2-4FEB-91E2-A1287A24E6D8}.Release|Any CPU.Build.0 = Release|Any CPU
		{32BBC3D9-3D54-4497-849E-AC85F8C9B9F2}.Debug|Any CPU.ActiveCfg = Debug|Any CPU
		{32BBC3D9-3D54-4497-849E-AC85F8C9B9F2}.Debug|Any CPU.Build.0 = Debug|Any CPU
		{32BBC3D9-3D54-4497-849E-AC85F8C9B9F2}.Release|Any CPU.ActiveCfg = Release|Any CPU
		{32BBC3D9-3D54-4497-849E-AC85F8C9B9F2}.Release|Any CPU.Build.0 = Release|Any CPU
	EndGlobalSection
	GlobalSection(NestedProjects) = preSolution
		{34D77D43-F9C4-4FAC-81CA-164468F6C025} = {562FCAF4-773E-4F55-88B9-D86190159DCA}
		{7A2A8928-D954-4194-9C60-51137E967674} = {34D77D43-F9C4-4FAC-81CA-164468F6C025}
		{6D5E7E59-262A-421A-9A06-3DF30CB5F41A} = {34D77D43-F9C4-4FAC-81CA-164468F6C025}
		{E203C21D-6E08-4ECB-9EA9-140C77A3C269} = {34D77D43-F9C4-4FAC-81CA-164468F6C025}
		{714E1863-0D83-4BC9-9D8F-E54E444A914D} = {34D77D43-F9C4-4FAC-81CA-164468F6C025}
		{5FC42FCF-D06A-41AF-B1D1-FB0C4F477348} = {562FCAF4-773E-4F55-88B9-D86190159DCA}
		{E1313F4B-7B23-4CDC-8020-F9FF7B15138A} = {5FC42FCF-D06A-41AF-B1D1-FB0C4F477348}
		{44ADAAEB-DC00-451D-8929-EA06AAF811F6} = {31B71DE8-9832-4AF4-B40A-CA35A635CDE4}
		{DBA85DB8-F616-4193-BC1E-14603D189751} = {31B71DE8-9832-4AF4-B40A-CA35A635CDE4}
		{865C715B-F607-49BF-92AA-CA606115B912} = {562FCAF4-773E-4F55-88B9-D86190159DCA}
		{014713D8-22BC-4B5A-A1E1-9631C1EFBD7C} = {865C715B-F607-49BF-92AA-CA606115B912}
		{E00E66B7-E0E7-4E8B-8E67-C4AEBDE28710} = {865C715B-F607-49BF-92AA-CA606115B912}
		{60E1CA78-927A-44E8-B7CE-4F7A3D3E4603} = {865C715B-F607-49BF-92AA-CA606115B912}
		{7223D488-60AD-472E-97EC-C9298E07C4EE} = {865C715B-F607-49BF-92AA-CA606115B912}
		{C6345B00-DF78-4715-A67C-CEA7081E8C1C} = {D8220286-11C3-495F-8C4A-A43F2029436B}
		{758A7FDD-C198-4F7E-BE13-90D829F9DF10} = {C6345B00-DF78-4715-A67C-CEA7081E8C1C}
		{49F4DAD0-FDD2-4B1D-A308-F104C18124C8} = {562FCAF4-773E-4F55-88B9-D86190159DCA}
		{4F279F6F-27BC-4F43-81B8-6984AFC28420} = {49F4DAD0-FDD2-4B1D-A308-F104C18124C8}
		{044D9C32-EBDE-4391-9D99-A09F34803064} = {49F4DAD0-FDD2-4B1D-A308-F104C18124C8}
		{4190C781-89E2-4FEB-91E2-A1287A24E6D8} = {49F4DAD0-FDD2-4B1D-A308-F104C18124C8}
		{32BBC3D9-3D54-4497-849E-AC85F8C9B9F2} = {49F4DAD0-FDD2-4B1D-A308-F104C18124C8}
	EndGlobalSection
EndGlobal
